
Microsoft Visual Studio Solution File, Format Version 11.00
# Visual Studio 2010
Project("{FAE04EC0-301F-11D3-BF4B-00C04F79EFBC}") = "Contrato", "Assembly-CSharp-firstpass.csproj", "{DCCA089E-8AC8-F43A-BC4A-DD741CAF445D}"
EndProject
Project("{FAE04EC0-301F-11D3-BF4B-00C04F79EFBC}") = "Contrato", "Assembly-CSharp.csproj", "{66275FAA-458B-16B0-B615-62BEB1ADB532}"
EndProject
Project("{FAE04EC0-301F-11D3-BF4B-00C04F79EFBC}") = "Contrato", "Assembly-CSharp-Editor-firstpass.csproj", "{28DD2198-5072-7B57-3622-1E0F79B77CC3}"
EndProject
Global
	GlobalSection(SolutionConfigurationPlatforms) = preSolution
		Debug|Any CPU = Debug|Any CPU
		Release|Any CPU = Release|Any CPU
	EndGlobalSection
	GlobalSection(ProjectConfigurationPlatforms) = postSolution
		{DCCA089E-8AC8-F43A-BC4A-DD741CAF445D}.Debug|Any CPU.ActiveCfg = Debug|Any CPU
		{DCCA089E-8AC8-F43A-BC4A-DD741CAF445D}.Debug|Any CPU.Build.0 = Debug|Any CPU
		{DCCA089E-8AC8-F43A-BC4A-DD741CAF445D}.Release|Any CPU.ActiveCfg = Release|Any CPU
		{DCCA089E-8AC8-F43A-BC4A-DD741CAF445D}.Release|Any CPU.Build.0 = Release|Any CPU
		{66275FAA-458B-16B0-B615-62BEB1ADB532}.Debug|Any CPU.ActiveCfg = Debug|Any CPU
		{66275FAA-458B-16B0-B615-62BEB1ADB532}.Debug|Any CPU.Build.0 = Debug|Any CPU
		{66275FAA-458B-16B0-B615-62BEB1ADB532}.Release|Any CPU.ActiveCfg = Release|Any CPU
		{66275FAA-458B-16B0-B615-62BEB1ADB532}.Release|Any CPU.Build.0 = Release|Any CPU
		{28DD2198-5072-7B57-3622-1E0F79B77CC3}.Debug|Any CPU.ActiveCfg = Debug|Any CPU
		{28DD2198-5072-7B57-3622-1E0F79B77CC3}.Debug|Any CPU.Build.0 = Debug|Any CPU
		{28DD2198-5072-7B57-3622-1E0F79B77CC3}.Release|Any CPU.ActiveCfg = Release|Any CPU
		{28DD2198-5072-7B57-3622-1E0F79B77CC3}.Release|Any CPU.Build.0 = Release|Any CPU
	EndGlobalSection
	GlobalSection(SolutionProperties) = preSolution
		HideSolutionNode = FALSE
	EndGlobalSection
	GlobalSection(MonoDevelopProperties) = preSolution
		StartupItem = Assembly-CSharp.csproj
	EndGlobalSection
EndGlobal
